
Microsoft Visual Studio Solution File, Format Version 12.00
# Visual Studio Version 17
VisualStudioVersion = 17.0.31903.59
MinimumVisualStudioVersion = 10.0.40219.1
Project("{2150E333-8FDC-42A3-9474-1A3956D46DE8}") = "src", "src", "{4D27C687-CA59-446B-A079-2CB66264A97A}"
EndProject
Project("{FAE04EC0-301F-11D3-BF4B-00C04F79EFBC}") = "Day01", "src\Day01\Day01.csproj", "{741CE316-312F-400A-830F-78869FF88FCB}"
EndProject
Project("{FAE04EC0-301F-11D3-BF4B-00C04F79EFBC}") = "Shared", "src\Shared\Shared.csproj", "{B4BBE7A4-784B-4E5F-8AC4-9DAD07D03CEB}"
EndProject
Project("{2150E333-8FDC-42A3-9474-1A3956D46DE8}") = "Solution Items", "Solution Items", "{8EC462FD-D22E-90A8-E5CE-7E832BA40C5D}"
	ProjectSection(SolutionItems) = preProject
		.editorconfig = .editorconfig
		Add-DayNumber.ps1 = Add-DayNumber.ps1
		Install-Template.ps1 = Install-Template.ps1
		LICENSE.txt = LICENSE.txt
		README.md = README.md
		Run-Day.ps1 = Run-Day.ps1
		Uninstall-Template.ps1 = Uninstall-Template.ps1
	EndProjectSection
EndProject
Project("{FAE04EC0-301F-11D3-BF4B-00C04F79EFBC}") = "Day02", "src\Day02\Day02.csproj", "{732B0AA8-C5E9-4BA3-811E-444C1F171D86}"
EndProject
Project("{FAE04EC0-301F-11D3-BF4B-00C04F79EFBC}") = "Day03", "src\Day03\Day03.csproj", "{BA2F5624-9E96-4D9F-BF8A-75878D4D4476}"
EndProject
Project("{FAE04EC0-301F-11D3-BF4B-00C04F79EFBC}") = "Day04", "src\Day04\Day04.csproj", "{6ADD8C16-AC7D-4B19-BD05-9024AF462488}"
EndProject
Project("{FAE04EC0-301F-11D3-BF4B-00C04F79EFBC}") = "Day05", "src\Day05\Day05.csproj", "{C1E28B6E-5EE6-4FFF-8D08-24EF3512F573}"
EndProject
Project("{FAE04EC0-301F-11D3-BF4B-00C04F79EFBC}") = "Day06", "src\Day06\Day06.csproj", "{07438375-DF50-4EC9-B4B4-32AE75CE4953}"
EndProject
Project("{FAE04EC0-301F-11D3-BF4B-00C04F79EFBC}") = "Day07", "src\Day07\Day07.csproj", "{C60940AB-8249-4872-AC67-BDCA71155C44}"
EndProject
Project("{FAE04EC0-301F-11D3-BF4B-00C04F79EFBC}") = "DailyTests", "src\DailyTests\DailyTests.csproj", "{E64F79AC-F68A-4A1B-8E44-14EDDF0E08DE}"
EndProject
Project("{FAE04EC0-301F-11D3-BF4B-00C04F79EFBC}") = "Day08", "src\Day08\Day08.csproj", "{7DD34FAC-76D9-4C52-BFE3-06C7EC3771D9}"
EndProject
Project("{FAE04EC0-301F-11D3-BF4B-00C04F79EFBC}") = "Day09", "src\Day09\Day09.csproj", "{594C6775-012F-4759-A94F-4BE66CDA166C}"
EndProject
Project("{FAE04EC0-301F-11D3-BF4B-00C04F79EFBC}") = "Day10", "src\Day10\Day10.csproj", "{004F3148-C959-4CDA-A3BC-DB198916A721}"
EndProject
Project("{FAE04EC0-301F-11D3-BF4B-00C04F79EFBC}") = "Day11", "src\Day11\Day11.csproj", "{D3B57310-7F75-4FEF-89BB-783A67DD6FF2}"
EndProject
Project("{FAE04EC0-301F-11D3-BF4B-00C04F79EFBC}") = "Day12", "src\Day12\Day12.csproj", "{90AEA0E1-B7BC-413E-85B3-C96DAB46DE93}"
EndProject
Project("{FAE04EC0-301F-11D3-BF4B-00C04F79EFBC}") = "Day13", "src\Day13\Day13.csproj", "{A0A00A7C-B87C-4C28-8FB4-6BBBDF471A2A}"
EndProject
Global
	GlobalSection(SolutionConfigurationPlatforms) = preSolution
		Debug|Any CPU = Debug|Any CPU
		Release|Any CPU = Release|Any CPU
	EndGlobalSection
	GlobalSection(ProjectConfigurationPlatforms) = postSolution
		{741CE316-312F-400A-830F-78869FF88FCB}.Debug|Any CPU.ActiveCfg = Debug|Any CPU
		{741CE316-312F-400A-830F-78869FF88FCB}.Debug|Any CPU.Build.0 = Debug|Any CPU
		{741CE316-312F-400A-830F-78869FF88FCB}.Release|Any CPU.ActiveCfg = Release|Any CPU
		{741CE316-312F-400A-830F-78869FF88FCB}.Release|Any CPU.Build.0 = Release|Any CPU
		{B4BBE7A4-784B-4E5F-8AC4-9DAD07D03CEB}.Debug|Any CPU.ActiveCfg = Debug|Any CPU
		{B4BBE7A4-784B-4E5F-8AC4-9DAD07D03CEB}.Debug|Any CPU.Build.0 = Debug|Any CPU
		{B4BBE7A4-784B-4E5F-8AC4-9DAD07D03CEB}.Release|Any CPU.ActiveCfg = Release|Any CPU
		{B4BBE7A4-784B-4E5F-8AC4-9DAD07D03CEB}.Release|Any CPU.Build.0 = Release|Any CPU
		{732B0AA8-C5E9-4BA3-811E-444C1F171D86}.Debug|Any CPU.ActiveCfg = Debug|Any CPU
		{732B0AA8-C5E9-4BA3-811E-444C1F171D86}.Debug|Any CPU.Build.0 = Debug|Any CPU
		{732B0AA8-C5E9-4BA3-811E-444C1F171D86}.Release|Any CPU.ActiveCfg = Release|Any CPU
		{732B0AA8-C5E9-4BA3-811E-444C1F171D86}.Release|Any CPU.Build.0 = Release|Any CPU
		{BA2F5624-9E96-4D9F-BF8A-75878D4D4476}.Debug|Any CPU.ActiveCfg = Debug|Any CPU
		{BA2F5624-9E96-4D9F-BF8A-75878D4D4476}.Debug|Any CPU.Build.0 = Debug|Any CPU
		{BA2F5624-9E96-4D9F-BF8A-75878D4D4476}.Release|Any CPU.ActiveCfg = Release|Any CPU
		{BA2F5624-9E96-4D9F-BF8A-75878D4D4476}.Release|Any CPU.Build.0 = Release|Any CPU
		{6ADD8C16-AC7D-4B19-BD05-9024AF462488}.Debug|Any CPU.ActiveCfg = Debug|Any CPU
		{6ADD8C16-AC7D-4B19-BD05-9024AF462488}.Debug|Any CPU.Build.0 = Debug|Any CPU
		{6ADD8C16-AC7D-4B19-BD05-9024AF462488}.Release|Any CPU.ActiveCfg = Release|Any CPU
		{6ADD8C16-AC7D-4B19-BD05-9024AF462488}.Release|Any CPU.Build.0 = Release|Any CPU
		{C1E28B6E-5EE6-4FFF-8D08-24EF3512F573}.Debug|Any CPU.ActiveCfg = Debug|Any CPU
		{C1E28B6E-5EE6-4FFF-8D08-24EF3512F573}.Debug|Any CPU.Build.0 = Debug|Any CPU
		{C1E28B6E-5EE6-4FFF-8D08-24EF3512F573}.Release|Any CPU.ActiveCfg = Release|Any CPU
		{C1E28B6E-5EE6-4FFF-8D08-24EF3512F573}.Release|Any CPU.Build.0 = Release|Any CPU
		{07438375-DF50-4EC9-B4B4-32AE75CE4953}.Debug|Any CPU.ActiveCfg = Debug|Any CPU
		{07438375-DF50-4EC9-B4B4-32AE75CE4953}.Debug|Any CPU.Build.0 = Debug|Any CPU
		{07438375-DF50-4EC9-B4B4-32AE75CE4953}.Release|Any CPU.ActiveCfg = Release|Any CPU
		{07438375-DF50-4EC9-B4B4-32AE75CE4953}.Release|Any CPU.Build.0 = Release|Any CPU
		{C60940AB-8249-4872-AC67-BDCA71155C44}.Debug|Any CPU.ActiveCfg = Debug|Any CPU
		{C60940AB-8249-4872-AC67-BDCA71155C44}.Debug|Any CPU.Build.0 = Debug|Any CPU
		{C60940AB-8249-4872-AC67-BDCA71155C44}.Release|Any CPU.ActiveCfg = Release|Any CPU
		{C60940AB-8249-4872-AC67-BDCA71155C44}.Release|Any CPU.Build.0 = Release|Any CPU
		{E64F79AC-F68A-4A1B-8E44-14EDDF0E08DE}.Debug|Any CPU.ActiveCfg = Debug|Any CPU
		{E64F79AC-F68A-4A1B-8E44-14EDDF0E08DE}.Debug|Any CPU.Build.0 = Debug|Any CPU
		{E64F79AC-F68A-4A1B-8E44-14EDDF0E08DE}.Release|Any CPU.ActiveCfg = Release|Any CPU
		{E64F79AC-F68A-4A1B-8E44-14EDDF0E08DE}.Release|Any CPU.Build.0 = Release|Any CPU
		{7DD34FAC-76D9-4C52-BFE3-06C7EC3771D9}.Debug|Any CPU.ActiveCfg = Debug|Any CPU
		{7DD34FAC-76D9-4C52-BFE3-06C7EC3771D9}.Debug|Any CPU.Build.0 = Debug|Any CPU
		{7DD34FAC-76D9-4C52-BFE3-06C7EC3771D9}.Release|Any CPU.ActiveCfg = Release|Any CPU
		{7DD34FAC-76D9-4C52-BFE3-06C7EC3771D9}.Release|Any CPU.Build.0 = Release|Any CPU
		{594C6775-012F-4759-A94F-4BE66CDA166C}.Debug|Any CPU.ActiveCfg = Debug|Any CPU
		{594C6775-012F-4759-A94F-4BE66CDA166C}.Debug|Any CPU.Build.0 = Debug|Any CPU
		{594C6775-012F-4759-A94F-4BE66CDA166C}.Release|Any CPU.ActiveCfg = Release|Any CPU
		{594C6775-012F-4759-A94F-4BE66CDA166C}.Release|Any CPU.Build.0 = Release|Any CPU
		{004F3148-C959-4CDA-A3BC-DB198916A721}.Debug|Any CPU.ActiveCfg = Debug|Any CPU
		{004F3148-C959-4CDA-A3BC-DB198916A721}.Debug|Any CPU.Build.0 = Debug|Any CPU
		{004F3148-C959-4CDA-A3BC-DB198916A721}.Release|Any CPU.ActiveCfg = Release|Any CPU
		{004F3148-C959-4CDA-A3BC-DB198916A721}.Release|Any CPU.Build.0 = Release|Any CPU
		{D3B57310-7F75-4FEF-89BB-783A67DD6FF2}.Debug|Any CPU.ActiveCfg = Debug|Any CPU
		{D3B57310-7F75-4FEF-89BB-783A67DD6FF2}.Debug|Any CPU.Build.0 = Debug|Any CPU
		{D3B57310-7F75-4FEF-89BB-783A67DD6FF2}.Release|Any CPU.ActiveCfg = Release|Any CPU
		{D3B57310-7F75-4FEF-89BB-783A67DD6FF2}.Release|Any CPU.Build.0 = Release|Any CPU
		{90AEA0E1-B7BC-413E-85B3-C96DAB46DE93}.Debug|Any CPU.ActiveCfg = Debug|Any CPU
		{90AEA0E1-B7BC-413E-85B3-C96DAB46DE93}.Debug|Any CPU.Build.0 = Debug|Any CPU
		{90AEA0E1-B7BC-413E-85B3-C96DAB46DE93}.Release|Any CPU.ActiveCfg = Release|Any CPU
		{90AEA0E1-B7BC-413E-85B3-C96DAB46DE93}.Release|Any CPU.Build.0 = Release|Any CPU
		{A0A00A7C-B87C-4C28-8FB4-6BBBDF471A2A}.Debug|Any CPU.ActiveCfg = Debug|Any CPU
		{A0A00A7C-B87C-4C28-8FB4-6BBBDF471A2A}.Debug|Any CPU.Build.0 = Debug|Any CPU
		{A0A00A7C-B87C-4C28-8FB4-6BBBDF471A2A}.Release|Any CPU.ActiveCfg = Release|Any CPU
		{A0A00A7C-B87C-4C28-8FB4-6BBBDF471A2A}.Release|Any CPU.Build.0 = Release|Any CPU
	EndGlobalSection
	GlobalSection(SolutionProperties) = preSolution
		HideSolutionNode = FALSE
	EndGlobalSection
	GlobalSection(NestedProjects) = preSolution
		{741CE316-312F-400A-830F-78869FF88FCB} = {4D27C687-CA59-446B-A079-2CB66264A97A}
		{B4BBE7A4-784B-4E5F-8AC4-9DAD07D03CEB} = {4D27C687-CA59-446B-A079-2CB66264A97A}
		{732B0AA8-C5E9-4BA3-811E-444C1F171D86} = {4D27C687-CA59-446B-A079-2CB66264A97A}
		{BA2F5624-9E96-4D9F-BF8A-75878D4D4476} = {4D27C687-CA59-446B-A079-2CB66264A97A}
		{6ADD8C16-AC7D-4B19-BD05-9024AF462488} = {4D27C687-CA59-446B-A079-2CB66264A97A}
		{C1E28B6E-5EE6-4FFF-8D08-24EF3512F573} = {4D27C687-CA59-446B-A079-2CB66264A97A}
		{07438375-DF50-4EC9-B4B4-32AE75CE4953} = {4D27C687-CA59-446B-A079-2CB66264A97A}
		{C60940AB-8249-4872-AC67-BDCA71155C44} = {4D27C687-CA59-446B-A079-2CB66264A97A}
		{E64F79AC-F68A-4A1B-8E44-14EDDF0E08DE} = {4D27C687-CA59-446B-A079-2CB66264A97A}
		{7DD34FAC-76D9-4C52-BFE3-06C7EC3771D9} = {4D27C687-CA59-446B-A079-2CB66264A97A}
		{594C6775-012F-4759-A94F-4BE66CDA166C} = {4D27C687-CA59-446B-A079-2CB66264A97A}
		{004F3148-C959-4CDA-A3BC-DB198916A721} = {4D27C687-CA59-446B-A079-2CB66264A97A}
		{D3B57310-7F75-4FEF-89BB-783A67DD6FF2} = {4D27C687-CA59-446B-A079-2CB66264A97A}
		{90AEA0E1-B7BC-413E-85B3-C96DAB46DE93} = {4D27C687-CA59-446B-A079-2CB66264A97A}
		{A0A00A7C-B87C-4C28-8FB4-6BBBDF471A2A} = {4D27C687-CA59-446B-A079-2CB66264A97A}
	EndGlobalSection
	GlobalSection(ExtensibilityGlobals) = postSolution
		SolutionGuid = {17A74ED6-FCB4-4D8A-8235-8F0F8246080D}
	EndGlobalSection
EndGlobal
